
Microsoft Visual Studio Solution File, Format Version 12.00
# Visual Studio 15
VisualStudioVersion = 15.0.27130.2010
MinimumVisualStudioVersion = 10.0.40219.1
Project("{FAE04EC0-301F-11D3-BF4B-00C04F79EFBC}") = "SensorManagement", "BP\SensorManagement.csproj", "{46BC6F85-6E22-454C-B712-806ACD61CDFC}"
EndProject
Global
	GlobalSection(SolutionConfigurationPlatforms) = preSolution
		Debug|Any CPU = Debug|Any CPU
		Release|Any CPU = Release|Any CPU
	EndGlobalSection
	GlobalSection(ProjectConfigurationPlatforms) = postSolution
		{46BC6F85-6E22-454C-B712-806ACD61CDFC}.Debug|Any CPU.ActiveCfg = Debug|Any CPU
		{46BC6F85-6E22-454C-B712-806ACD61CDFC}.Debug|Any CPU.Build.0 = Debug|Any CPU
		{46BC6F85-6E22-454C-B712-806ACD61CDFC}.Release|Any CPU.ActiveCfg = Release|Any CPU
		{46BC6F85-6E22-454C-B712-806ACD61CDFC}.Release|Any CPU.Build.0 = Release|Any CPU
	EndGlobalSection
	GlobalSection(SolutionProperties) = preSolution
		HideSolutionNode = FALSE
	EndGlobalSection
	GlobalSection(ExtensibilityGlobals) = postSolution
		SolutionGuid = {B880F835-CCEA-45EE-9BFB-274879AC9E0D}
	EndGlobalSection
EndGlobal
